
Microsoft Visual Studio Solution File, Format Version 12.00
# Visual Studio Version 17
VisualStudioVersion = 17.8.34525.116
MinimumVisualStudioVersion = 10.0.40219.1
Project("{FAE04EC0-301F-11D3-BF4B-00C04F79EFBC}") = "Assignment10Ex4", "Assignment10Ex4.csproj", "{FA4CBEF0-530E-4D79-9098-EB7E8A0503FA}"
EndProject
Global
	GlobalSection(SolutionConfigurationPlatforms) = preSolution
		Debug|Any CPU = Debug|Any CPU
		Release|Any CPU = Release|Any CPU
	EndGlobalSection
	GlobalSection(ProjectConfigurationPlatforms) = postSolution
		{FA4CBEF0-530E-4D79-9098-EB7E8A0503FA}.Debug|Any CPU.ActiveCfg = Debug|Any CPU
		{FA4CBEF0-530E-4D79-9098-EB7E8A0503FA}.Debug|Any CPU.Build.0 = Debug|Any CPU
		{FA4CBEF0-530E-4D79-9098-EB7E8A0503FA}.Release|Any CPU.ActiveCfg = Release|Any CPU
		{FA4CBEF0-530E-4D79-9098-EB7E8A0503FA}.Release|Any CPU.Build.0 = Release|Any CPU
	EndGlobalSection
	GlobalSection(SolutionProperties) = preSolution
		HideSolutionNode = FALSE
	EndGlobalSection
	GlobalSection(ExtensibilityGlobals) = postSolution
		SolutionGuid = {A2AB4949-EE00-485F-91F8-D540E72F9D8B}
	EndGlobalSection
EndGlobal
